
Microsoft Visual Studio Solution File, Format Version 12.00
# Visual Studio Version 17
VisualStudioVersion = 17.0.31903.59
MinimumVisualStudioVersion = 10.0.40219.1
Project("{2150E333-8FDC-42A3-9474-1A3956D46DE8}") = "Tools", "Tools", "{07C2787E-EAC7-C090-1BA3-A61EC2A24D84}"
EndProject
Project("{2150E333-8FDC-42A3-9474-1A3956D46DE8}") = "PluginApi", "PluginApi", "{DBB417E7-409F-A3D4-C709-16AA868DB94B}"
EndProject
Project("{FAE04EC0-301F-11D3-BF4B-00C04F79EFBC}") = "TraceSoul2.PluginApi", "Tools\PluginApi\TraceSoul2.PluginApi.csproj", "{106054C0-A9D3-492C-974B-AC414BED232F}"
EndProject
Project("{FAE04EC0-301F-11D3-BF4B-00C04F79EFBC}") = "TraceSoul2.Host", "Tools\Host\TraceSoul2.Host.csproj", "{C1E35CEF-1573-45E6-9B93-70D51053715C}"
EndProject
Project("{FAE04EC0-301F-11D3-BF4B-00C04F79EFBC}") = "TraceSoul2.Updater", "Tools\Updater\TraceSoul2.Updater.csproj", "{5B36F0C7-58B0-46C5-9F6D-9B66DF064971}"
EndProject
Project("{FAE04EC0-301F-11D3-BF4B-00C04F79EFBC}") = "TraceSoul2.Migrate", "Tools\Migration\TraceSoul2.Migrate.csproj", "{0E463C51-A79D-485C-9D79-5F7DBD2FF24D}"
EndProject
Project("{FAE04EC0-301F-11D3-BF4B-00C04F79EFBC}") = "ChatCheck", "Tools\ChatCheck\ChatCheck.csproj", "{7960AC19-E503-403F-B14F-12D7228A0E9C}"
EndProject
Project("{FAE04EC0-301F-11D3-BF4B-00C04F79EFBC}") = "CoreCheck", "Tools\CoreCheck\CoreCheck.csproj", "{109ED495-C5DB-4B8B-8182-56F45577D41C}"
EndProject
Project("{2150E333-8FDC-42A3-9474-1A3956D46DE8}") = "ExternalPlugins", "ExternalPlugins", "{C3850FDD-8E26-5B66-C187-74E97C1FE801}"
EndProject
Project("{2150E333-8FDC-42A3-9474-1A3956D46DE8}") = "QqTts", "QqTts", "{B65E44FB-7BCE-69F3-EB1A-3A16CF4A7E11}"
EndProject
Project("{FAE04EC0-301F-11D3-BF4B-00C04F79EFBC}") = "TraceSoul2.Plugin.QqTts", "ExternalPlugins\QqTts\TraceSoul2.Plugin.QqTts.csproj", "{413E7F18-94C5-402F-8BE7-8C49F36B9FD0}"
EndProject
Project("{FAE04EC0-301F-11D3-BF4B-00C04F79EFBC}") = "TraceSoul2.Plugin.QqImageGen", "ExternalPlugins\QqImageGen\TraceSoul2.Plugin.QqImageGen.csproj", "{10031890-806D-4EE1-83C4-52A6A4038F98}"
EndProject
Global
	GlobalSection(SolutionConfigurationPlatforms) = preSolution
		Debug|Any CPU = Debug|Any CPU
		Debug|x64 = Debug|x64
		Debug|x86 = Debug|x86
		Release|Any CPU = Release|Any CPU
		Release|x64 = Release|x64
		Release|x86 = Release|x86
	EndGlobalSection
	GlobalSection(ProjectConfigurationPlatforms) = postSolution
		{106054C0-A9D3-492C-974B-AC414BED232F}.Debug|Any CPU.ActiveCfg = Debug|Any CPU
		{106054C0-A9D3-492C-974B-AC414BED232F}.Debug|Any CPU.Build.0 = Debug|Any CPU
		{106054C0-A9D3-492C-974B-AC414BED232F}.Debug|x64.ActiveCfg = Debug|Any CPU
		{106054C0-A9D3-492C-974B-AC414BED232F}.Debug|x64.Build.0 = Debug|Any CPU
		{106054C0-A9D3-492C-974B-AC414BED232F}.Debug|x86.ActiveCfg = Debug|Any CPU
		{106054C0-A9D3-492C-974B-AC414BED232F}.Debug|x86.Build.0 = Debug|Any CPU
		{106054C0-A9D3-492C-974B-AC414BED232F}.Release|Any CPU.ActiveCfg = Release|Any CPU
		{106054C0-A9D3-492C-974B-AC414BED232F}.Release|Any CPU.Build.0 = Release|Any CPU
		{106054C0-A9D3-492C-974B-AC414BED232F}.Release|x64.ActiveCfg = Release|Any CPU
		{106054C0-A9D3-492C-974B-AC414BED232F}.Release|x64.Build.0 = Release|Any CPU
		{106054C0-A9D3-492C-974B-AC414BED232F}.Release|x86.ActiveCfg = Release|Any CPU
		{106054C0-A9D3-492C-974B-AC414BED232F}.Release|x86.Build.0 = Release|Any CPU
		{C1E35CEF-1573-45E6-9B93-70D51053715C}.Debug|Any CPU.ActiveCfg = Debug|Any CPU
		{C1E35CEF-1573-45E6-9B93-70D51053715C}.Debug|Any CPU.Build.0 = Debug|Any CPU
		{C1E35CEF-1573-45E6-9B93-70D51053715C}.Debug|x64.ActiveCfg = Debug|Any CPU
		{C1E35CEF-1573-45E6-9B93-70D51053715C}.Debug|x64.Build.0 = Debug|Any CPU
		{C1E35CEF-1573-45E6-9B93-70D51053715C}.Debug|x86.ActiveCfg = Debug|Any CPU
		{C1E35CEF-1573-45E6-9B93-70D51053715C}.Debug|x86.Build.0 = Debug|Any CPU
		{C1E35CEF-1573-45E6-9B93-70D51053715C}.Release|Any CPU.ActiveCfg = Release|Any CPU
		{C1E35CEF-1573-45E6-9B93-70D51053715C}.Release|Any CPU.Build.0 = Release|Any CPU
		{C1E35CEF-1573-45E6-9B93-70D51053715C}.Release|x64.ActiveCfg = Release|Any CPU
		{C1E35CEF-1573-45E6-9B93-70D51053715C}.Release|x64.Build.0 = Release|Any CPU
		{C1E35CEF-1573-45E6-9B93-70D51053715C}.Release|x86.ActiveCfg = Release|Any CPU
		{C1E35CEF-1573-45E6-9B93-70D51053715C}.Release|x86.Build.0 = Release|Any CPU
		{5B36F0C7-58B0-46C5-9F6D-9B66DF064971}.Debug|Any CPU.ActiveCfg = Debug|Any CPU
		{5B36F0C7-58B0-46C5-9F6D-9B66DF064971}.Debug|Any CPU.Build.0 = Debug|Any CPU
		{5B36F0C7-58B0-46C5-9F6D-9B66DF064971}.Debug|x64.ActiveCfg = Debug|Any CPU
		{5B36F0C7-58B0-46C5-9F6D-9B66DF064971}.Debug|x64.Build.0 = Debug|Any CPU
		{5B36F0C7-58B0-46C5-9F6D-9B66DF064971}.Debug|x86.ActiveCfg = Debug|Any CPU
		{5B36F0C7-58B0-46C5-9F6D-9B66DF064971}.Debug|x86.Build.0 = Debug|Any CPU
		{5B36F0C7-58B0-46C5-9F6D-9B66DF064971}.Release|Any CPU.ActiveCfg = Release|Any CPU
		{5B36F0C7-58B0-46C5-9F6D-9B66DF064971}.Release|Any CPU.Build.0 = Release|Any CPU
		{5B36F0C7-58B0-46C5-9F6D-9B66DF064971}.Release|x64.ActiveCfg = Release|Any CPU
		{5B36F0C7-58B0-46C5-9F6D-9B66DF064971}.Release|x64.Build.0 = Release|Any CPU
		{5B36F0C7-58B0-46C5-9F6D-9B66DF064971}.Release|x86.ActiveCfg = Release|Any CPU
		{5B36F0C7-58B0-46C5-9F6D-9B66DF064971}.Release|x86.Build.0 = Release|Any CPU
		{0E463C51-A79D-485C-9D79-5F7DBD2FF24D}.Debug|Any CPU.ActiveCfg = Debug|Any CPU
		{0E463C51-A79D-485C-9D79-5F7DBD2FF24D}.Debug|Any CPU.Build.0 = Debug|Any CPU
		{0E463C51-A79D-485C-9D79-5F7DBD2FF24D}.Debug|x64.ActiveCfg = Debug|Any CPU
		{0E463C51-A79D-485C-9D79-5F7DBD2FF24D}.Debug|x64.Build.0 = Debug|Any CPU
		{0E463C51-A79D-485C-9D79-5F7DBD2FF24D}.Debug|x86.ActiveCfg = Debug|Any CPU
		{0E463C51-A79D-485C-9D79-5F7DBD2FF24D}.Debug|x86.Build.0 = Debug|Any CPU
		{0E463C51-A79D-485C-9D79-5F7DBD2FF24D}.Release|Any CPU.ActiveCfg = Release|Any CPU
		{0E463C51-A79D-485C-9D79-5F7DBD2FF24D}.Release|Any CPU.Build.0 = Release|Any CPU
		{0E463C51-A79D-485C-9D79-5F7DBD2FF24D}.Release|x64.ActiveCfg = Release|Any CPU
		{0E463C51-A79D-485C-9D79-5F7DBD2FF24D}.Release|x64.Build.0 = Release|Any CPU
		{0E463C51-A79D-485C-9D79-5F7DBD2FF24D}.Release|x86.ActiveCfg = Release|Any CPU
		{0E463C51-A79D-485C-9D79-5F7DBD2FF24D}.Release|x86.Build.0 = Release|Any CPU
		{7960AC19-E503-403F-B14F-12D7228A0E9C}.Debug|Any CPU.ActiveCfg = Debug|Any CPU
		{7960AC19-E503-403F-B14F-12D7228A0E9C}.Debug|Any CPU.Build.0 = Debug|Any CPU
		{7960AC19-E503-403F-B14F-12D7228A0E9C}.Debug|x64.ActiveCfg = Debug|Any CPU
		{7960AC19-E503-403F-B14F-12D7228A0E9C}.Debug|x64.Build.0 = Debug|Any CPU
		{7960AC19-E503-403F-B14F-12D7228A0E9C}.Debug|x86.ActiveCfg = Debug|Any CPU
		{7960AC19-E503-403F-B14F-12D7228A0E9C}.Debug|x86.Build.0 = Debug|Any CPU
		{7960AC19-E503-403F-B14F-12D7228A0E9C}.Release|Any CPU.ActiveCfg = Release|Any CPU
		{7960AC19-E503-403F-B14F-12D7228A0E9C}.Release|Any CPU.Build.0 = Release|Any CPU
		{7960AC19-E503-403F-B14F-12D7228A0E9C}.Release|x64.ActiveCfg = Release|Any CPU
		{7960AC19-E503-403F-B14F-12D7228A0E9C}.Release|x64.Build.0 = Release|Any CPU
		{7960AC19-E503-403F-B14F-12D7228A0E9C}.Release|x86.ActiveCfg = Release|Any CPU
		{7960AC19-E503-403F-B14F-12D7228A0E9C}.Release|x86.Build.0 = Release|Any CPU
		{109ED495-C5DB-4B8B-8182-56F45577D41C}.Debug|Any CPU.ActiveCfg = Debug|Any CPU
		{109ED495-C5DB-4B8B-8182-56F45577D41C}.Debug|Any CPU.Build.0 = Debug|Any CPU
		{109ED495-C5DB-4B8B-8182-56F45577D41C}.Debug|x64.ActiveCfg = Debug|Any CPU
		{109ED495-C5DB-4B8B-8182-56F45577D41C}.Debug|x64.Build.0 = Debug|Any CPU
		{109ED495-C5DB-4B8B-8182-56F45577D41C}.Debug|x86.ActiveCfg = Debug|Any CPU
		{109ED495-C5DB-4B8B-8182-56F45577D41C}.Debug|x86.Build.0 = Debug|Any CPU
		{109ED495-C5DB-4B8B-8182-56F45577D41C}.Release|Any CPU.ActiveCfg = Release|Any CPU
		{109ED495-C5DB-4B8B-8182-56F45577D41C}.Release|Any CPU.Build.0 = Release|Any CPU
		{109ED495-C5DB-4B8B-8182-56F45577D41C}.Release|x64.ActiveCfg = Release|Any CPU
		{109ED495-C5DB-4B8B-8182-56F45577D41C}.Release|x64.Build.0 = Release|Any CPU
		{109ED495-C5DB-4B8B-8182-56F45577D41C}.Release|x86.ActiveCfg = Release|Any CPU
		{109ED495-C5DB-4B8B-8182-56F45577D41C}.Release|x86.Build.0 = Release|Any CPU
		{413E7F18-94C5-402F-8BE7-8C49F36B9FD0}.Debug|Any CPU.ActiveCfg = Debug|Any CPU
		{413E7F18-94C5-402F-8BE7-8C49F36B9FD0}.Debug|Any CPU.Build.0 = Debug|Any CPU
		{413E7F18-94C5-402F-8BE7-8C49F36B9FD0}.Debug|x64.ActiveCfg = Debug|Any CPU
		{413E7F18-94C5-402F-8BE7-8C49F36B9FD0}.Debug|x64.Build.0 = Debug|Any CPU
		{413E7F18-94C5-402F-8BE7-8C49F36B9FD0}.Debug|x86.ActiveCfg = Debug|Any CPU
		{413E7F18-94C5-402F-8BE7-8C49F36B9FD0}.Debug|x86.Build.0 = Debug|Any CPU
		{413E7F18-94C5-402F-8BE7-8C49F36B9FD0}.Release|Any CPU.ActiveCfg = Release|Any CPU
		{413E7F18-94C5-402F-8BE7-8C49F36B9FD0}.Release|Any CPU.Build.0 = Release|Any CPU
		{413E7F18-94C5-402F-8BE7-8C49F36B9FD0}.Release|x64.ActiveCfg = Release|Any CPU
		{413E7F18-94C5-402F-8BE7-8C49F36B9FD0}.Release|x64.Build.0 = Release|Any CPU
		{413E7F18-94C5-402F-8BE7-8C49F36B9FD0}.Release|x86.ActiveCfg = Release|Any CPU
		{413E7F18-94C5-402F-8BE7-8C49F36B9FD0}.Release|x86.Build.0 = Release|Any CPU
		{10031890-806D-4EE1-83C4-52A6A4038F98}.Debug|Any CPU.ActiveCfg = Debug|Any CPU
		{10031890-806D-4EE1-83C4-52A6A4038F98}.Debug|Any CPU.Build.0 = Debug|Any CPU
		{10031890-806D-4EE1-83C4-52A6A4038F98}.Debug|x64.ActiveCfg = Debug|Any CPU
		{10031890-806D-4EE1-83C4-52A6A4038F98}.Debug|x64.Build.0 = Debug|Any CPU
		{10031890-806D-4EE1-83C4-52A6A4038F98}.Debug|x86.ActiveCfg = Debug|Any CPU
		{10031890-806D-4EE1-83C4-52A6A4038F98}.Debug|x86.Build.0 = Debug|Any CPU
		{10031890-806D-4EE1-83C4-52A6A4038F98}.Release|Any CPU.ActiveCfg = Release|Any CPU
		{10031890-806D-4EE1-83C4-52A6A4038F98}.Release|Any CPU.Build.0 = Release|Any CPU
		{10031890-806D-4EE1-83C4-52A6A4038F98}.Release|x64.ActiveCfg = Release|Any CPU
		{10031890-806D-4EE1-83C4-52A6A4038F98}.Release|x64.Build.0 = Release|Any CPU
		{10031890-806D-4EE1-83C4-52A6A4038F98}.Release|x86.ActiveCfg = Release|Any CPU
		{10031890-806D-4EE1-83C4-52A6A4038F98}.Release|x86.Build.0 = Release|Any CPU
	EndGlobalSection
	GlobalSection(SolutionProperties) = preSolution
		HideSolutionNode = FALSE
	EndGlobalSection
	GlobalSection(NestedProjects) = preSolution
		{DBB417E7-409F-A3D4-C709-16AA868DB94B} = {07C2787E-EAC7-C090-1BA3-A61EC2A24D84}
		{106054C0-A9D3-492C-974B-AC414BED232F} = {DBB417E7-409F-A3D4-C709-16AA868DB94B}
		{C1E35CEF-1573-45E6-9B93-70D51053715C} = {DBB417E7-409F-A3D4-C709-16AA868DB94B}
		{5B36F0C7-58B0-46C5-9F6D-9B66DF064971} = {07C2787E-EAC7-C090-1BA3-A61EC2A24D84}
		{0E463C51-A79D-485C-9D79-5F7DBD2FF24D} = {DBB417E7-409F-A3D4-C709-16AA868DB94B}
		{7960AC19-E503-403F-B14F-12D7228A0E9C} = {DBB417E7-409F-A3D4-C709-16AA868DB94B}
		{109ED495-C5DB-4B8B-8182-56F45577D41C} = {DBB417E7-409F-A3D4-C709-16AA868DB94B}
		{B65E44FB-7BCE-69F3-EB1A-3A16CF4A7E11} = {C3850FDD-8E26-5B66-C187-74E97C1FE801}
		{413E7F18-94C5-402F-8BE7-8C49F36B9FD0} = {B65E44FB-7BCE-69F3-EB1A-3A16CF4A7E11}
		{10031890-806D-4EE1-83C4-52A6A4038F98} = {B65E44FB-7BCE-69F3-EB1A-3A16CF4A7E11}
	EndGlobalSection
EndGlobal
